
Microsoft Visual Studio Solution File, Format Version 12.00
# Visual Studio 15
VisualStudioVersion = 15.0.28307.1145
MinimumVisualStudioVersion = 10.0.40219.1
Project("{FAE04EC0-301F-11D3-BF4B-00C04F79EFBC}") = "Login_Page_Test", "Login_Page_Test\Login_Page_Test.csproj", "{7477F7ED-B751-4E5F-88E1-AE2B7D7F3F17}"
EndProject
Global
	GlobalSection(SolutionConfigurationPlatforms) = preSolution
		Debug|Any CPU = Debug|Any CPU
		Release|Any CPU = Release|Any CPU
	EndGlobalSection
	GlobalSection(ProjectConfigurationPlatforms) = postSolution
		{7477F7ED-B751-4E5F-88E1-AE2B7D7F3F17}.Debug|Any CPU.ActiveCfg = Debug|Any CPU
		{7477F7ED-B751-4E5F-88E1-AE2B7D7F3F17}.Debug|Any CPU.Build.0 = Debug|Any CPU
		{7477F7ED-B751-4E5F-88E1-AE2B7D7F3F17}.Release|Any CPU.ActiveCfg = Release|Any CPU
		{7477F7ED-B751-4E5F-88E1-AE2B7D7F3F17}.Release|Any CPU.Build.0 = Release|Any CPU
	EndGlobalSection
	GlobalSection(SolutionProperties) = preSolution
		HideSolutionNode = FALSE
	EndGlobalSection
	GlobalSection(ExtensibilityGlobals) = postSolution
		SolutionGuid = {AB73C58A-F5BA-4BFD-B0F7-3DD01658D93F}
	EndGlobalSection
EndGlobal
